
Microsoft Visual Studio Solution File, Format Version 12.00
# Visual Studio Version 17
VisualStudioVersion = 17.0.31903.59
MinimumVisualStudioVersion = 10.0.40219.1
Project("{2150E333-8FDC-42A3-9474-1A3956D46DE8}") = "src", "src", "{827E0CD3-B72D-47B6-A68D-7590B98EB39B}"
EndProject
Project("{FAE04EC0-301F-11D3-BF4B-00C04F79EFBC}") = "JobGuardian.Abstractions", "src\JobGuardian.Abstractions\JobGuardian.Abstractions.csproj", "{914F787C-9262-4E6C-84C5-B500EE0EB672}"
EndProject
Project("{FAE04EC0-301F-11D3-BF4B-00C04F79EFBC}") = "JobGuardian.Core", "src\JobGuardian.Core\JobGuardian.Core.csproj", "{167C2C02-57DF-45D4-9B80-4942F8187733}"
EndProject
Project("{FAE04EC0-301F-11D3-BF4B-00C04F79EFBC}") = "JobGuardian.PostgreSql", "src\JobGuardian.PostgreSql\JobGuardian.PostgreSql.csproj", "{812ED83A-BF1E-4F97-9C8E-ED95017231A3}"
EndProject
Project("{2150E333-8FDC-42A3-9474-1A3956D46DE8}") = "tests", "tests", "{0AB3BF05-4346-4AA6-1389-037BE0695223}"
EndProject
Project("{FAE04EC0-301F-11D3-BF4B-00C04F79EFBC}") = "JobGuardian.PostgreSql.IntegrationTests", "tests\JobGuardian.PostgreSql.IntegrationTests\JobGuardian.PostgreSql.IntegrationTests.csproj", "{1306ADD5-32E7-45EC-8821-779EE6B5645C}"
EndProject
Project("{FAE04EC0-301F-11D3-BF4B-00C04F79EFBC}") = "JobGuardian.Core.Tests", "tests\JobGuardian.Core.Tests\JobGuardian.Core.Tests.csproj", "{C52F3CA4-7C0B-4EED-BE4E-BFF051E38F4C}"
EndProject
Global
	GlobalSection(SolutionConfigurationPlatforms) = preSolution
		Debug|Any CPU = Debug|Any CPU
		Debug|x64 = Debug|x64
		Debug|x86 = Debug|x86
		Release|Any CPU = Release|Any CPU
		Release|x64 = Release|x64
		Release|x86 = Release|x86
	EndGlobalSection
	GlobalSection(ProjectConfigurationPlatforms) = postSolution
		{914F787C-9262-4E6C-84C5-B500EE0EB672}.Debug|Any CPU.ActiveCfg = Debug|Any CPU
		{914F787C-9262-4E6C-84C5-B500EE0EB672}.Debug|Any CPU.Build.0 = Debug|Any CPU
		{914F787C-9262-4E6C-84C5-B500EE0EB672}.Debug|x64.ActiveCfg = Debug|Any CPU
		{914F787C-9262-4E6C-84C5-B500EE0EB672}.Debug|x64.Build.0 = Debug|Any CPU
		{914F787C-9262-4E6C-84C5-B500EE0EB672}.Debug|x86.ActiveCfg = Debug|Any CPU
		{914F787C-9262-4E6C-84C5-B500EE0EB672}.Debug|x86.Build.0 = Debug|Any CPU
		{914F787C-9262-4E6C-84C5-B500EE0EB672}.Release|Any CPU.ActiveCfg = Release|Any CPU
		{914F787C-9262-4E6C-84C5-B500EE0EB672}.Release|Any CPU.Build.0 = Release|Any CPU
		{914F787C-9262-4E6C-84C5-B500EE0EB672}.Release|x64.ActiveCfg = Release|Any CPU
		{914F787C-9262-4E6C-84C5-B500EE0EB672}.Release|x64.Build.0 = Release|Any CPU
		{914F787C-9262-4E6C-84C5-B500EE0EB672}.Release|x86.ActiveCfg = Release|Any CPU
		{914F787C-9262-4E6C-84C5-B500EE0EB672}.Release|x86.Build.0 = Release|Any CPU
		{167C2C02-57DF-45D4-9B80-4942F8187733}.Debug|Any CPU.ActiveCfg = Debug|Any CPU
		{167C2C02-57DF-45D4-9B80-4942F8187733}.Debug|Any CPU.Build.0 = Debug|Any CPU
		{167C2C02-57DF-45D4-9B80-4942F8187733}.Debug|x64.ActiveCfg = Debug|Any CPU
		{167C2C02-57DF-45D4-9B80-4942F8187733}.Debug|x64.Build.0 = Debug|Any CPU
		{167C2C02-57DF-45D4-9B80-4942F8187733}.Debug|x86.ActiveCfg = Debug|Any CPU
		{167C2C02-57DF-45D4-9B80-4942F8187733}.Debug|x86.Build.0 = Debug|Any CPU
		{167C2C02-57DF-45D4-9B80-4942F8187733}.Release|Any CPU.ActiveCfg = Release|Any CPU
		{167C2C02-57DF-45D4-9B80-4942F8187733}.Release|Any CPU.Build.0 = Release|Any CPU
		{167C2C02-57DF-45D4-9B80-4942F8187733}.Release|x64.ActiveCfg = Release|Any CPU
		{167C2C02-57DF-45D4-9B80-4942F8187733}.Release|x64.Build.0 = Release|Any CPU
		{167C2C02-57DF-45D4-9B80-4942F8187733}.Release|x86.ActiveCfg = Release|Any CPU
		{167C2C02-57DF-45D4-9B80-4942F8187733}.Release|x86.Build.0 = Release|Any CPU
		{812ED83A-BF1E-4F97-9C8E-ED95017231A3}.Debug|Any CPU.ActiveCfg = Debug|Any CPU
		{812ED83A-BF1E-4F97-9C8E-ED95017231A3}.Debug|Any CPU.Build.0 = Debug|Any CPU
		{812ED83A-BF1E-4F97-9C8E-ED95017231A3}.Debug|x64.ActiveCfg = Debug|Any CPU
		{812ED83A-BF1E-4F97-9C8E-ED95017231A3}.Debug|x64.Build.0 = Debug|Any CPU
		{812ED83A-BF1E-4F97-9C8E-ED95017231A3}.Debug|x86.ActiveCfg = Debug|Any CPU
		{812ED83A-BF1E-4F97-9C8E-ED95017231A3}.Debug|x86.Build.0 = Debug|Any CPU
		{812ED83A-BF1E-4F97-9C8E-ED95017231A3}.Release|Any CPU.ActiveCfg = Release|Any CPU
		{812ED83A-BF1E-4F97-9C8E-ED95017231A3}.Release|Any CPU.Build.0 = Release|Any CPU
		{812ED83A-BF1E-4F97-9C8E-ED95017231A3}.Release|x64.ActiveCfg = Release|Any CPU
		{812ED83A-BF1E-4F97-9C8E-ED95017231A3}.Release|x64.Build.0 = Release|Any CPU
		{812ED83A-BF1E-4F97-9C8E-ED95017231A3}.Release|x86.ActiveCfg = Release|Any CPU
		{812ED83A-BF1E-4F97-9C8E-ED95017231A3}.Release|x86.Build.0 = Release|Any CPU
		{1306ADD5-32E7-45EC-8821-779EE6B5645C}.Debug|Any CPU.ActiveCfg = Debug|Any CPU
		{1306ADD5-32E7-45EC-8821-779EE6B5645C}.Debug|Any CPU.Build.0 = Debug|Any CPU
		{1306ADD5-32E7-45EC-8821-779EE6B5645C}.Debug|x64.ActiveCfg = Debug|Any CPU
		{1306ADD5-32E7-45EC-8821-779EE6B5645C}.Debug|x64.Build.0 = Debug|Any CPU
		{1306ADD5-32E7-45EC-8821-779EE6B5645C}.Debug|x86.ActiveCfg = Debug|Any CPU
		{1306ADD5-32E7-45EC-8821-779EE6B5645C}.Debug|x86.Build.0 = Debug|Any CPU
		{1306ADD5-32E7-45EC-8821-779EE6B5645C}.Release|Any CPU.ActiveCfg = Release|Any CPU
		{1306ADD5-32E7-45EC-8821-779EE6B5645C}.Release|Any CPU.Build.0 = Release|Any CPU
		{1306ADD5-32E7-45EC-8821-779EE6B5645C}.Release|x64.ActiveCfg = Release|Any CPU
		{1306ADD5-32E7-45EC-8821-779EE6B5645C}.Release|x64.Build.0 = Release|Any CPU
		{1306ADD5-32E7-45EC-8821-779EE6B5645C}.Release|x86.ActiveCfg = Release|Any CPU
		{1306ADD5-32E7-45EC-8821-779EE6B5645C}.Release|x86.Build.0 = Release|Any CPU
		{C52F3CA4-7C0B-4EED-BE4E-BFF051E38F4C}.Debug|Any CPU.ActiveCfg = Debug|Any CPU
		{C52F3CA4-7C0B-4EED-BE4E-BFF051E38F4C}.Debug|Any CPU.Build.0 = Debug|Any CPU
		{C52F3CA4-7C0B-4EED-BE4E-BFF051E38F4C}.Debug|x64.ActiveCfg = Debug|Any CPU
		{C52F3CA4-7C0B-4EED-BE4E-BFF051E38F4C}.Debug|x64.Build.0 = Debug|Any CPU
		{C52F3CA4-7C0B-4EED-BE4E-BFF051E38F4C}.Debug|x86.ActiveCfg = Debug|Any CPU
		{C52F3CA4-7C0B-4EED-BE4E-BFF051E38F4C}.Debug|x86.Build.0 = Debug|Any CPU
		{C52F3CA4-7C0B-4EED-BE4E-BFF051E38F4C}.Release|Any CPU.ActiveCfg = Release|Any CPU
		{C52F3CA4-7C0B-4EED-BE4E-BFF051E38F4C}.Release|Any CPU.Build.0 = Release|Any CPU
		{C52F3CA4-7C0B-4EED-BE4E-BFF051E38F4C}.Release|x64.ActiveCfg = Release|Any CPU
		{C52F3CA4-7C0B-4EED-BE4E-BFF051E38F4C}.Release|x64.Build.0 = Release|Any CPU
		{C52F3CA4-7C0B-4EED-BE4E-BFF051E38F4C}.Release|x86.ActiveCfg = Release|Any CPU
		{C52F3CA4-7C0B-4EED-BE4E-BFF051E38F4C}.Release|x86.Build.0 = Release|Any CPU
	EndGlobalSection
	GlobalSection(SolutionProperties) = preSolution
		HideSolutionNode = FALSE
	EndGlobalSection
	GlobalSection(NestedProjects) = preSolution
		{914F787C-9262-4E6C-84C5-B500EE0EB672} = {827E0CD3-B72D-47B6-A68D-7590B98EB39B}
		{167C2C02-57DF-45D4-9B80-4942F8187733} = {827E0CD3-B72D-47B6-A68D-7590B98EB39B}
		{812ED83A-BF1E-4F97-9C8E-ED95017231A3} = {827E0CD3-B72D-47B6-A68D-7590B98EB39B}
		{1306ADD5-32E7-45EC-8821-779EE6B5645C} = {0AB3BF05-4346-4AA6-1389-037BE0695223}
		{C52F3CA4-7C0B-4EED-BE4E-BFF051E38F4C} = {0AB3BF05-4346-4AA6-1389-037BE0695223}
	EndGlobalSection
EndGlobal
